
Microsoft Visual Studio Solution File, Format Version 12.00
Project("{FAE04EC0-301F-11D3-BF4B-00C04F79EFBC}") = "A01 Rechteck", "A01 Rechteck\A01 Rechteck.csproj", "{27A46C11-D2C6-466F-AF2F-28ED85FC429B}"
EndProject
Global
	GlobalSection(SolutionConfigurationPlatforms) = preSolution
		Debug|Any CPU = Debug|Any CPU
		Release|Any CPU = Release|Any CPU
	EndGlobalSection
	GlobalSection(ProjectConfigurationPlatforms) = postSolution
		{27A46C11-D2C6-466F-AF2F-28ED85FC429B}.Debug|Any CPU.ActiveCfg = Debug|Any CPU
		{27A46C11-D2C6-466F-AF2F-28ED85FC429B}.Debug|Any CPU.Build.0 = Debug|Any CPU
		{27A46C11-D2C6-466F-AF2F-28ED85FC429B}.Release|Any CPU.ActiveCfg = Release|Any CPU
		{27A46C11-D2C6-466F-AF2F-28ED85FC429B}.Release|Any CPU.Build.0 = Release|Any CPU
	EndGlobalSection
EndGlobal
