
Microsoft Visual Studio Solution File, Format Version 12.00
Project("{FAE04EC0-301F-11D3-BF4B-00C04F79EFBC}") = "Museum", "Museum\Museum.csproj", "{BBA1D7AD-C0F5-4AF7-90FE-3E53B787C5D8}"
EndProject
Global
	GlobalSection(SolutionConfigurationPlatforms) = preSolution
		Debug|Any CPU = Debug|Any CPU
		Release|Any CPU = Release|Any CPU
	EndGlobalSection
	GlobalSection(ProjectConfigurationPlatforms) = postSolution
		{BBA1D7AD-C0F5-4AF7-90FE-3E53B787C5D8}.Debug|Any CPU.ActiveCfg = Debug|Any CPU
		{BBA1D7AD-C0F5-4AF7-90FE-3E53B787C5D8}.Debug|Any CPU.Build.0 = Debug|Any CPU
		{BBA1D7AD-C0F5-4AF7-90FE-3E53B787C5D8}.Release|Any CPU.ActiveCfg = Release|Any CPU
		{BBA1D7AD-C0F5-4AF7-90FE-3E53B787C5D8}.Release|Any CPU.Build.0 = Release|Any CPU
	EndGlobalSection
EndGlobal
