
Microsoft Visual Studio Solution File, Format Version 12.00
Project("{FAE04EC0-301F-11D3-BF4B-00C04F79EFBC}") = "A00 Fahrzeuge", "A00 Fahrzeuge\A00 Fahrzeuge.csproj", "{5D3517FC-987F-44F2-9313-C7B338BBB31B}"
EndProject
Global
	GlobalSection(SolutionConfigurationPlatforms) = preSolution
		Debug|Any CPU = Debug|Any CPU
		Release|Any CPU = Release|Any CPU
	EndGlobalSection
	GlobalSection(ProjectConfigurationPlatforms) = postSolution
		{5D3517FC-987F-44F2-9313-C7B338BBB31B}.Debug|Any CPU.ActiveCfg = Debug|Any CPU
		{5D3517FC-987F-44F2-9313-C7B338BBB31B}.Debug|Any CPU.Build.0 = Debug|Any CPU
		{5D3517FC-987F-44F2-9313-C7B338BBB31B}.Release|Any CPU.ActiveCfg = Release|Any CPU
		{5D3517FC-987F-44F2-9313-C7B338BBB31B}.Release|Any CPU.Build.0 = Release|Any CPU
	EndGlobalSection
EndGlobal
