
Microsoft Visual Studio Solution File, Format Version 12.00
Project("{FAE04EC0-301F-11D3-BF4B-00C04F79EFBC}") = "Vertiefungsaufgabe 01", "Vertiefungsaufgabe 01\Vertiefungsaufgabe 01.csproj", "{DA95D2A5-F0B7-416B-95B1-7A1BD17E55AF}"
EndProject
Global
	GlobalSection(SolutionConfigurationPlatforms) = preSolution
		Debug|Any CPU = Debug|Any CPU
		Release|Any CPU = Release|Any CPU
	EndGlobalSection
	GlobalSection(ProjectConfigurationPlatforms) = postSolution
		{DA95D2A5-F0B7-416B-95B1-7A1BD17E55AF}.Debug|Any CPU.ActiveCfg = Debug|Any CPU
		{DA95D2A5-F0B7-416B-95B1-7A1BD17E55AF}.Debug|Any CPU.Build.0 = Debug|Any CPU
		{DA95D2A5-F0B7-416B-95B1-7A1BD17E55AF}.Release|Any CPU.ActiveCfg = Release|Any CPU
		{DA95D2A5-F0B7-416B-95B1-7A1BD17E55AF}.Release|Any CPU.Build.0 = Release|Any CPU
	EndGlobalSection
EndGlobal
